<Solution>
  <Project Path="TestLib/TestLib.csproj" />
  <Project Path="TestLib2/TestLib2.csproj" />
  <Project Path="NUnitFixture/NUnitFixture.csproj" />
  <Project Path="MSTestFixture/MSTestFixture.csproj" />
  <Project Path="XUnitFixture/XUnitFixture.csproj" />
  <Project Path="AsyncFixture/AsyncFixture.csproj" />
</Solution>
